
Microsoft Visual Studio Solution File, Format Version 12.00
# Visual Studio 2013
VisualStudioVersion = 12.0.21005.1
MinimumVisualStudioVersion = 10.0.40219.1
Project("{FAE04EC0-301F-11D3-BF4B-00C04F79EFBC}") = "Core", "Core\Core.csproj", "{A78846F1-E3D6-4794-B3AC-DD966841CA50}"
EndProject
Project("{FAE04EC0-301F-11D3-BF4B-00C04F79EFBC}") = "Test", "Test\Test.csproj", "{4407028D-5815-447A-B9AC-52CCDE68B9BE}"
EndProject
Project("{2150E333-8FDC-42A3-9474-1A3956D46DE8}") = ".nuget", ".nuget", "{13FFBDA0-B9A2-4D95-B5CF-52328449640C}"
	ProjectSection(SolutionItems) = preProject
		.nuget\packages.config = .nuget\packages.config
	EndProjectSection
EndProject
Global
	GlobalSection(SolutionConfigurationPlatforms) = preSolution
		Debug|Any CPU = Debug|Any CPU
		Release|Any CPU = Release|Any CPU
	EndGlobalSection
	GlobalSection(ProjectConfigurationPlatforms) = postSolution
		{A78846F1-E3D6-4794-B3AC-DD966841CA50}.Debug|Any CPU.ActiveCfg = Debug|Any CPU
		{A78846F1-E3D6-4794-B3AC-DD966841CA50}.Debug|Any CPU.Build.0 = Debug|Any CPU
		{A78846F1-E3D6-4794-B3AC-DD966841CA50}.Release|Any CPU.ActiveCfg = Release|Any CPU
		{A78846F1-E3D6-4794-B3AC-DD966841CA50}.Release|Any CPU.Build.0 = Release|Any CPU
		{4407028D-5815-447A-B9AC-52CCDE68B9BE}.Debug|Any CPU.ActiveCfg = Debug|Any CPU
		{4407028D-5815-447A-B9AC-52CCDE68B9BE}.Debug|Any CPU.Build.0 = Debug|Any CPU
		{4407028D-5815-447A-B9AC-52CCDE68B9BE}.Release|Any CPU.ActiveCfg = Release|Any CPU
		{4407028D-5815-447A-B9AC-52CCDE68B9BE}.Release|Any CPU.Build.0 = Release|Any CPU
	EndGlobalSection
	GlobalSection(SolutionProperties) = preSolution
		HideSolutionNode = FALSE
	EndGlobalSection
EndGlobal
